// !$*UTF8*$!
{
	archiveVersion = 1;
	classes = {
	};
	objectVersion = 46;
	objects = {

/* Begin PBXBuildFile section */
		5ADF63001E26B2E300C90C4A /* AppDelegate.swift in Sources */ = {isa = PBXBuildFile; fileRef = 5ADF62FF1E26B2E300C90C4A /* AppDelegate.swift */; };
		5ADF63021E26B2E300C90C4A /* ViewController.swift in Sources */ = {isa = PBXBuildFile; fileRef = 5ADF63011E26B2E300C90C4A /* ViewController.swift */; };
		5ADF63051E26B2E300C90C4A /* Main.storyboard in Resources */ = {isa = PBXBuildFile; fileRef = 5ADF63031E26B2E300C90C4A /* Main.storyboard */; };
		5ADF63081E26B2E300C90C4A /* dream_lister_core_data.xcdatamodeld in Sources */ = {isa = PBXBuildFile; fileRef = 5ADF63061E26B2E300C90C4A /* dream_lister_core_data.xcdatamodeld */; };
		5ADF630A1E26B2E300C90C4A /* Assets.xcassets in Resources */ = {isa = PBXBuildFile; fileRef = 5ADF63091E26B2E300C90C4A /* Assets.xcassets */; };
		5ADF630D1E26B2E300C90C4A /* LaunchScreen.storyboard in Resources */ = {isa = PBXBuildFile; fileRef = 5ADF630B1E26B2E300C90C4A /* LaunchScreen.storyboard */; };
/* End PBXBuildFile section */

/* Begin PBXFileReference section */
		5ADF62FC1E26B2E300C90C4A /* dream-lister-core-data.app */ = {isa = PBXFileReference; explicitFileType = wrapper.application; includeInIndex = 0; path = "dream-lister-core-data.app"; sourceTree = BUILT_PRODUCTS_DIR; };
		5ADF62FF1E26B2E300C90C4A /* AppDelegate.swift */ = {isa = PBXFileReference; lastKnownFileType = sourcecode.swift; path = AppDelegate.swift; sourceTree = "<group>"; };
		5ADF63011E26B2E300C90C4A /* ViewController.swift */ = {isa = PBXFileReference; lastKnownFileType = sourcecode.swift; path = ViewController.swift; sourceTree = "<group>"; };
		5ADF63041E26B2E300C90C4A /* Base */ = {isa = PBXFileReference; lastKnownFileType = file.storyboard; name = Base; path = Base.lproj/Main.storyboard; sourceTree = "<group>"; };
		5ADF63071E26B2E300C90C4A /* dream_lister_core_data.xcdatamodel */ = {isa = PBXFileReference; lastKnownFileType = wrapper.xcdatamodel; path = dream_lister_core_data.xcdatamodel; sourceTree = "<group>"; };
		5ADF63091E26B2E300C90C4A /* Assets.xcassets */ = {isa = PBXFileReference; lastKnownFileType = folder.assetcatalog; path = Assets.xcassets; sourceTree = "<group>"; };
		5ADF630C1E26B2E300C90C4A /* Base */ = {isa = PBXFileReference; lastKnownFileType = file.storyboard; name = Base; path = Base.lproj/LaunchScreen.storyboard; sourceTree = "<group>"; };
		5ADF630E1E26B2E300C90C4A /* Info.plist */ = {isa = PBXFileReference; lastKnownFileType = text.plist.xml; path = Info.plist; sourceTree = "<group>"; };
/* End PBXFileReference section */

/* Begin PBXFrameworksBuildPhase section */
		5ADF62F91E26B2E300C90C4A /* Frameworks */ = {
			isa = PBXFrameworksBuildPhase;
			buildActionMask = 2147483647;
			files = (
			);
			runOnlyForDeploymentPostprocessing = 0;
		};
/* End PBXFrameworksBuildPhase section */

/* Begin PBXGroup section */
		5ADF62F31E26B2E300C90C4A = {
			isa = PBXGroup;
			children = (
				5ADF62FE1E26B2E300C90C4A /* dream-lister-core-data */,
				5ADF62FD1E26B2E300C90C4A /* Products */,
			);
			sourceTree = "<group>";
		};
		5ADF62FD1E26B2E300C90C4A /* Products */ = {
			isa = PBXGroup;
			children = (
				5ADF62FC1E26B2E300C90C4A /* dream-lister-core-data.app */,
			);
			name = Products;
			sourceTree = "<group>";
		};
		5ADF62FE1E26B2E300C90C4A /* dream-lister-core-data */ = {
			isa = PBXGroup;
			children = (
				5ADF62FF1E26B2E300C90C4A /* AppDelegate.swift */,
				5ADF63011E26B2E300C90C4A /* ViewController.swift */,
				5ADF63031E26B2E300C90C4A /* Main.storyboard */,
				5ADF63091E26B2E300C90C4A /* Assets.xcassets */,
				5ADF630B1E26B2E300C90C4A /* LaunchScreen.storyboard */,
				5ADF630E1E26B2E300C90C4A /* Info.plist */,
				5ADF63061E26B2E300C90C4A /* dream_lister_core_data.xcdatamodeld */,
			);
			path = "dream-lister-core-data";
			sourceTree = "<group>";
		};
/* End PBXGroup section */

/* Begin PBXNativeTarget section */
		5ADF62FB1E26B2E300C90C4A /* dream-lister-core-data */ = {
			isa = PBXNativeTarget;
			buildConfigurationList = 5ADF63111E26B2E300C90C4A /* Build configuration list for PBXNativeTarget "dream-lister-core-data" */;
			buildPhases = (
				5ADF62F81E26B2E300C90C4A /* Sources */,
				5ADF62F91E26B2E300C90C4A /* Frameworks */,
				5ADF62FA1E26B2E300C90C4A /* Resources */,
			);
			buildRules = (
			);
			dependencies = (
			);
			name = "dream-lister-core-data";
			productName = "dream-lister-core-data";
			productReference = 5ADF62FC1E26B2E300C90C4A /* dream-lister-core-data.app */;
			productType = "com.apple.product-type.application";
		};
/* End PBXNativeTarget section */

/* Begin PBXProject section */
		5ADF62F41E26B2E300C90C4A /* Project object */ = {
			isa = PBXProject;
			attributes = {
				LastSwiftUpdateCheck = 0820;
				LastUpgradeCheck = 0820;
				ORGANIZATIONNAME = "Yuen Hsi Chang";
				TargetAttributes = {
					5ADF62FB1E26B2E300C90C4A = {
						CreatedOnToolsVersion = 8.2.1;
						DevelopmentTeam = Y967H2EAMT;
						ProvisioningStyle = Automatic;
					};
				};
			};
			buildConfigurationList = 5ADF62F71E26B2E300C90C4A /* Build configuration list for PBXProject "dream-lister-core-data" */;
			compatibilityVersion = "Xcode 3.2";
			developmentRegion = English;
			hasScannedForEncodings = 0;
			knownRegions = (
				en,
				Base,
			);
			mainGroup = 5ADF62F31E26B2E300C90C4A;
			productRefGroup = 5ADF62FD1E26B2E300C90C4A /* Products */;
			projectDirPath = "";
			projectRoot = "";
			targets = (
				5ADF62FB1E26B2E300C90C4A /* dream-lister-core-data */,
			);
		};
/* End PBXProject section */

/* Begin PBXResourcesBuildPhase section */
		5ADF62FA1E26B2E300C90C4A /* Resources */ = {
			isa = PBXResourcesBuildPhase;
			buildActionMask = 2147483647;
			files = (
				5ADF630D1E26B2E300C90C4A /* LaunchScreen.storyboard in Resources */,
				5ADF630A1E26B2E300C90C4A /* Assets.xcassets in Resources */,
				5ADF63051E26B2E300C90C4A /* Main.storyboard in Resources */,
			);
			runOnlyForDeploymentPostprocessing = 0;
		};
/* End PBXResourcesBuildPhase section */

/* Begin PBXSourcesBuildPhase section */
		5ADF62F81E26B2E300C90C4A /* Sources */ = {
			isa = PBXSourcesBuildPhase;
			buildActionMask = 2147483647;
			files = (
				5ADF63021E26B2E300C90C4A /* ViewController.swift in Sources */,
				5ADF63001E26B2E300C90C4A /* AppDelegate.swift in Sources */,
				5ADF63081E26B2E300C90C4A /* dream_lister_core_data.xcdatamodeld in Sources */,
			);
			runOnlyForDeploymentPostprocessing = 0;
		};
/* End PBXSourcesBuildPhase section */

/* Begin PBXVariantGroup section */
		5ADF63031E26B2E300C90C4A /* Main.storyboard */ = {
			isa = PBXVariantGroup;
			children = (
				5ADF63041E26B2E300C90C4A /* Base */,
			);
			name = Main.storyboard;
			sourceTree = "<group>";
		};
		5ADF630B1E26B2E300C90C4A /* LaunchScreen.storyboard */ = {
			isa = PBXVariantGroup;
			children = (
				5ADF630C1E26B2E300C90C4A /* Base */,
			);
			name = LaunchScreen.storyboard;
			sourceTree = "<group>";
		};
/* End PBXVariantGroup section */

/* Begin XCBuildConfiguration section */
		5ADF630F1E26B2E300C90C4A /* Debug */ = {
			isa = XCBuildConfiguration;
			buildSettings = {
				ALWAYS_SEARCH_USER_PATHS = NO;
				CLANG_ANALYZER_NONNULL = YES;
				CLANG_CXX_LANGUAGE_STANDARD = "gnu++0x";
				CLANG_CXX_LIBRARY = "libc++";
				CLANG_ENABLE_MODULES = YES;
				CLANG_ENABLE_OBJC_ARC = YES;
				CLANG_WARN_BOOL_CONVERSION = YES;
				CLANG_WARN_CONSTANT_CONVERSION = YES;
				CLANG_WARN_DIRECT_OBJC_ISA_USAGE = YES_ERROR;
				CLANG_WARN_DOCUMENTATION_COMMENTS = YES;
				CLANG_WARN_EMPTY_BODY = YES;
				CLANG_WARN_ENUM_CONVERSION = YES;
				CLANG_WARN_INFINITE_RECURSION = YES;
				CLANG_WARN_INT_CONVERSION = YES;
				CLANG_WARN_OBJC_ROOT_CLASS = YES_ERROR;
				CLANG_WARN_SUSPICIOUS_MOVE = YES;
				CLANG_WARN_UNREACHABLE_CODE = YES;
				CLANG_WARN__DUPLICATE_METHOD_MATCH = YES;
				"CODE_SIGN_IDENTITY[sdk=iphoneos*]" = "iPhone Developer";
				COPY_PHASE_STRIP = NO;
				DEBUG_INFORMATION_FORMAT = dwarf;
				ENABLE_STRICT_OBJC_MSGSEND = YES;
				ENABLE_TESTABILITY = YES;
				GCC_C_LANGUAGE_STANDARD = gnu99;
				GCC_DYNAMIC_NO_PIC = NO;
				GCC_NO_COMMON_BLOCKS = YES;
				GCC_OPTIMIZATION_LEVEL = 0;
				GCC_PREPROCESSOR_DEFINITIONS = (
					"DEBUG=1",
					"$(inherited)",
				);
				GCC_WARN_64_TO_32_BIT_CONVERSION = YES;
				GCC_WARN_ABOUT_RETURN_TYPE = YES_ERROR;
				GCC_WARN_UNDECLARED_SELECTOR = YES;
				GCC_WARN_UNINITIALIZED_AUTOS = YES_AGGRESSIVE;
				GCC_WARN_UNUSED_FUNCTION = YES;
				GCC_WARN_UNUSED_VARIABLE = YES;
				IPHONEOS_DEPLOYMENT_TARGET = 10.2;
				MTL_ENABLE_DEBUG_INFO = YES;
				ONLY_ACTIVE_ARCH = YES;
				SDKROOT = iphoneos;
				SWIFT_ACTIVE_COMPILATION_CONDITIONS = DEBUG;
				SWIFT_OPTIMIZATION_LEVEL = "-Onone";
				TARGETED_DEVICE_FAMILY = "1,2";
			};
			name = Debug;
		};
		5ADF63101E26B2E300C90C4A /* Release */ = {
			isa = XCBuildConfiguration;
			buildSettings = {
				ALWAYS_SEARCH_USER_PATHS = NO;
				CLANG_ANALYZER_NONNULL = YES;
				CLANG_CXX_LANGUAGE_STANDARD = "gnu++0x";
				CLANG_CXX_LIBRARY = "libc++";
				CLANG_ENABLE_MODULES = YES;
				CLANG_ENABLE_OBJC_ARC = YES;
				CLANG_WARN_BOOL_CONVERSION = YES;
				CLANG_WARN_CONSTANT_CONVERSION = YES;
				CLANG_WARN_DIRECT_OBJC_ISA_USAGE = YES_ERROR;
				CLANG_WARN_DOCUMENTATION_COMMENTS = YES;
				CLANG_WARN_EMPTY_BODY = YES;
				CLANG_WARN_ENUM_CONVERSION = YES;
				CLANG_WARN_INFINITE_RECURSION = YES;
				CLANG_WARN_INT_CONVERSION = YES;
				CLANG_WARN_OBJC_ROOT_CLASS = YES_ERROR;
				CLANG_WARN_SUSPICIOUS_MOVE = YES;
				CLANG_WARN_UNREACHABLE_CODE = YES;
				CLANG_WARN__DUPLICATE_METHOD_MATCH = YES;
				"CODE_SIGN_IDENTITY[sdk=iphoneos*]" = "iPhone Developer";
				COPY_PHASE_STRIP = NO;
				DEBUG_INFORMATION_FORMAT = "dwarf-with-dsym";
				ENABLE_NS_ASSERTIONS = NO;
				ENABLE_STRICT_OBJC_MSGSEND = YES;
				GCC_C_LANGUAGE_STANDARD = gnu99;
				GCC_NO_COMMON_BLOCKS = YES;
				GCC_WARN_64_TO_32_BIT_CONVERSION = YES;
				GCC_WARN_ABOUT_RETURN_TYPE = YES_ERROR;
				GCC_WARN_UNDECLARED_SELECTOR = YES;
				GCC_WARN_UNINITIALIZED_AUTOS = YES_AGGRESSIVE;
				GCC_WARN_UNUSED_FUNCTION = YES;
				GCC_WARN_UNUSED_VARIABLE = YES;
				IPHONEOS_DEPLOYMENT_TARGET = 10.2;
				MTL_ENABLE_DEBUG_INFO = NO;
				SDKROOT = iphoneos;
				SWIFT_OPTIMIZATION_LEVEL = "-Owholemodule";
				TARGETED_DEVICE_FAMILY = "1,2";
				VALIDATE_PRODUCT = YES;
			};
			name = Release;
		};
		5ADF63121E26B2E300C90C4A /* Debug */ = {
			isa = XCBuildConfiguration;
			buildSettings = {
				ASSETCATALOG_COMPILER_APPICON_NAME = AppIcon;
				DEVELOPMENT_TEAM = Y967H2EAMT;
				INFOPLIST_FILE = "dream-lister-core-data/Info.plist";
				LD_RUNPATH_SEARCH_PATHS = "$(inherited) @executable_path/Frameworks";
				PRODUCT_BUNDLE_IDENTIFIER = "ftl.dream-lister-core-data";
				PRODUCT_NAME = "$(TARGET_NAME)";
				SWIFT_VERSION = 3.0;
			};
			name = Debug;
		};
		5ADF63131E26B2E300C90C4A /* Release */ = {
			isa = XCBuildConfiguration;
			buildSettings = {
				ASSETCATALOG_COMPILER_APPICON_NAME = AppIcon;
				DEVELOPMENT_TEAM = Y967H2EAMT;
				INFOPLIST_FILE = "dream-lister-core-data/Info.plist";
				LD_RUNPATH_SEARCH_PATHS = "$(inherited) @executable_path/Frameworks";
				PRODUCT_BUNDLE_IDENTIFIER = "ftl.dream-lister-core-data";
				PRODUCT_NAME = "$(TARGET_NAME)";
				SWIFT_VERSION = 3.0;
			};
			name = Release;
		};
/* End XCBuildConfiguration section */

/* Begin XCConfigurationList section */
		5ADF62F71E26B2E300C90C4A /* Build configuration list for PBXProject "dream-lister-core-data" */ = {
			isa = XCConfigurationList;
			buildConfigurations = (
				5ADF630F1E26B2E300C90C4A /* Debug */,
				5ADF63101E26B2E300C90C4A /* Release */,
			);
			defaultConfigurationIsVisible = 0;
			defaultConfigurationName = Release;
		};
		5ADF63111E26B2E300C90C4A /* Build configuration list for PBXNativeTarget "dream-lister-core-data" */ = {
			isa = XCConfigurationList;
			buildConfigurations = (
				5ADF63121E26B2E300C90C4A /* Debug */,
				5ADF63131E26B2E300C90C4A /* Release */,
			);
			defaultConfigurationIsVisible = 0;
		};
/* End XCConfigurationList section */

/* Begin XCVersionGroup section */
		5ADF63061E26B2E300C90C4A /* dream_lister_core_data.xcdatamodeld */ = {
			isa = XCVersionGroup;
			children = (
				5ADF63071E26B2E300C90C4A /* dream_lister_core_data.xcdatamodel */,
			);
			currentVersion = 5ADF63071E26B2E300C90C4A /* dream_lister_core_data.xcdatamodel */;
			path = dream_lister_core_data.xcdatamodeld;
			sourceTree = "<group>";
			versionGroupType = wrapper.xcdatamodel;
		};
/* End XCVersionGroup section */
	};
	rootObject = 5ADF62F41E26B2E300C90C4A /* Project object */;
}
